
Microsoft Visual Studio Solution File, Format Version 12.00
# Visual Studio Version 17
VisualStudioVersion = 17.4.33205.214
MinimumVisualStudioVersion = 10.0.40219.1
Project("{FAE04EC0-301F-11D3-BF4B-00C04F79EFBC}") = "Dirary", "Dirary\Dirary.csproj", "{AC63EC7C-4CE1-4372-8C07-AACB6446BE30}"
EndProject
Global
	GlobalSection(SolutionConfigurationPlatforms) = preSolution
		Debug|Any CPU = Debug|Any CPU
		Release|Any CPU = Release|Any CPU
	EndGlobalSection
	GlobalSection(ProjectConfigurationPlatforms) = postSolution
		{AC63EC7C-4CE1-4372-8C07-AACB6446BE30}.Debug|Any CPU.ActiveCfg = Debug|Any CPU
		{AC63EC7C-4CE1-4372-8C07-AACB6446BE30}.Debug|Any CPU.Build.0 = Debug|Any CPU
		{AC63EC7C-4CE1-4372-8C07-AACB6446BE30}.Release|Any CPU.ActiveCfg = Release|Any CPU
		{AC63EC7C-4CE1-4372-8C07-AACB6446BE30}.Release|Any CPU.Build.0 = Release|Any CPU
	EndGlobalSection
	GlobalSection(SolutionProperties) = preSolution
		HideSolutionNode = FALSE
	EndGlobalSection
	GlobalSection(ExtensibilityGlobals) = postSolution
		SolutionGuid = {5D15180E-8161-472F-9900-0C64B075EBAD}
	EndGlobalSection
EndGlobal
